Microsoft Visual Studio Solution File, Format Version 8.00
Project("{8BC9CEB8-8B4A-11D0-8D11-00A0C91BC942}") = "vc++7.1", "vc++7.1.vcproj", "{3A2BFFC9-BF1E-491F-9A8F-7C06FA81736E}"
	ProjectSection(ProjectDependencies) = postProject
	EndProjectSection
EndProject
Global
	GlobalSection(SolutionConfiguration) = preSolution
		Debug = Debug
		Release = Release
	EndGlobalSection
	GlobalSection(ProjectConfiguration) = postSolution
		{3A2BFFC9-BF1E-491F-9A8F-7C06FA81736E}.Debug.ActiveCfg = Debug|Win32
		{3A2BFFC9-BF1E-491F-9A8F-7C06FA81736E}.Debug.Build.0 = Debug|Win32
		{3A2BFFC9-BF1E-491F-9A8F-7C06FA81736E}.Release.ActiveCfg = Release|Win32
		{3A2BFFC9-BF1E-491F-9A8F-7C06FA81736E}.Release.Build.0 = Release|Win32
	EndGlobalSection
	GlobalSection(ExtensibilityGlobals) = postSolution
	EndGlobalSection
	GlobalSection(ExtensibilityAddIns) = postSolution
	EndGlobalSection
EndGlobal
