
Microsoft Visual Studio Solution File, Format Version 10.00
# Visual Studio 2008
Project("{8BC9CEB8-8B4A-11D0-8D11-00A0C91BC942}") = "peer_example1", "peer_example1.vcproj", "{589FD960-C57D-46D5-B260-F4465507D738}"
EndProject
Global
	GlobalSection(SolutionConfigurationPlatforms) = preSolution
		Debug|amd64 = Debug|amd64
		Debug|i386 = Debug|i386
		Release|amd64 = Release|amd64
		Release|i386 = Release|i386
	EndGlobalSection
	GlobalSection(ProjectConfigurationPlatforms) = postSolution
		{589FD960-C57D-46D5-B260-F4465507D738}.Debug|amd64.ActiveCfg = Debug|x64
		{589FD960-C57D-46D5-B260-F4465507D738}.Debug|amd64.Build.0 = Debug|x64
		{589FD960-C57D-46D5-B260-F4465507D738}.Debug|i386.ActiveCfg = Debug|Win32
		{589FD960-C57D-46D5-B260-F4465507D738}.Debug|i386.Build.0 = Debug|Win32
		{589FD960-C57D-46D5-B260-F4465507D738}.Release|amd64.ActiveCfg = Release|x64
		{589FD960-C57D-46D5-B260-F4465507D738}.Release|amd64.Build.0 = Release|x64
		{589FD960-C57D-46D5-B260-F4465507D738}.Release|i386.ActiveCfg = Release|Win32
		{589FD960-C57D-46D5-B260-F4465507D738}.Release|i386.Build.0 = Release|Win32
	EndGlobalSection
	GlobalSection(SolutionProperties) = preSolution
		HideSolutionNode = FALSE
	EndGlobalSection
EndGlobal
