
Microsoft Visual Studio Solution File, Format Version 10.00
# Visual Studio 2008
Project("{8BC9CEB8-8B4A-11D0-8D11-00A0C91BC942}") = "peer_singleton", "peer_singleton.vcproj", "{C6533947-0585-4FDB-8195-BFA92DF92006}"
EndProject
Global
	GlobalSection(SolutionConfigurationPlatforms) = preSolution
		Debug|amd64 = Debug|amd64
		Debug|i386 = Debug|i386
		Release|amd64 = Release|amd64
		Release|i386 = Release|i386
	EndGlobalSection
	GlobalSection(ProjectConfigurationPlatforms) = postSolution
		{C6533947-0585-4FDB-8195-BFA92DF92006}.Debug|amd64.ActiveCfg = Debug|x64
		{C6533947-0585-4FDB-8195-BFA92DF92006}.Debug|amd64.Build.0 = Debug|x64
		{C6533947-0585-4FDB-8195-BFA92DF92006}.Debug|i386.ActiveCfg = Debug|Win32
		{C6533947-0585-4FDB-8195-BFA92DF92006}.Debug|i386.Build.0 = Debug|Win32
		{C6533947-0585-4FDB-8195-BFA92DF92006}.Release|amd64.ActiveCfg = Release|x64
		{C6533947-0585-4FDB-8195-BFA92DF92006}.Release|amd64.Build.0 = Release|x64
		{C6533947-0585-4FDB-8195-BFA92DF92006}.Release|i386.ActiveCfg = Release|Win32
		{C6533947-0585-4FDB-8195-BFA92DF92006}.Release|i386.Build.0 = Release|Win32
	EndGlobalSection
	GlobalSection(SolutionProperties) = preSolution
		HideSolutionNode = FALSE
	EndGlobalSection
EndGlobal
