Microsoft Visual Studio Solution File, Format Version 10.00
# Visual Studio 2008
Project("{8BC9CEB8-8B4A-11D0-8D11-00A0C91BC942}") = "example1", "example1.vcproj", "{3A2BFFC9-BF1E-491F-9A8F-7C06FA81736E}"
EndProject
Global
	GlobalSection(SolutionConfigurationPlatforms) = preSolution
		Debug|amd64 = Debug|amd64
		Debug|i386 = Debug|i386
		Release|amd64 = Release|amd64
		Release|i386 = Release|i386
	EndGlobalSection
	GlobalSection(ProjectConfigurationPlatforms) = postSolution
		{3A2BFFC9-BF1E-491F-9A8F-7C06FA81736E}.Debug|amd64.ActiveCfg = Debug|x64
		{3A2BFFC9-BF1E-491F-9A8F-7C06FA81736E}.Debug|amd64.Build.0 = Debug|x64
		{3A2BFFC9-BF1E-491F-9A8F-7C06FA81736E}.Debug|i386.ActiveCfg = Debug|Win32
		{3A2BFFC9-BF1E-491F-9A8F-7C06FA81736E}.Debug|i386.Build.0 = Debug|Win32
		{3A2BFFC9-BF1E-491F-9A8F-7C06FA81736E}.Release|amd64.ActiveCfg = Release|x64
		{3A2BFFC9-BF1E-491F-9A8F-7C06FA81736E}.Release|amd64.Build.0 = Release|x64
		{3A2BFFC9-BF1E-491F-9A8F-7C06FA81736E}.Release|i386.ActiveCfg = Release|Win32
		{3A2BFFC9-BF1E-491F-9A8F-7C06FA81736E}.Release|i386.Build.0 = Release|Win32
	EndGlobalSection
	GlobalSection(SolutionProperties) = preSolution
		HideSolutionNode = FALSE
	EndGlobalSection
EndGlobal
