
Microsoft Visual Studio Solution File, Format Version 10.00
# Visual Studio 2008
Project("{8BC9CEB8-8B4A-11D0-8D11-00A0C91BC942}") = "vm_load_example", "vm_load_example.vcproj", "{4DEA18CA-3BB5-4211-A063-AE7017C7C26F}"
EndProject
Global
	GlobalSection(SolutionConfigurationPlatforms) = preSolution
		Debug|amd64 = Debug|amd64
		Debug|i386 = Debug|i386
		Release|amd64 = Release|amd64
		Release|i386 = Release|i386
	EndGlobalSection
	GlobalSection(ProjectConfigurationPlatforms) = postSolution
		{4DEA18CA-3BB5-4211-A063-AE7017C7C26F}.Debug|amd64.ActiveCfg = Debug|x64
		{4DEA18CA-3BB5-4211-A063-AE7017C7C26F}.Debug|amd64.Build.0 = Debug|x64
		{4DEA18CA-3BB5-4211-A063-AE7017C7C26F}.Debug|i386.ActiveCfg = Debug|Win32
		{4DEA18CA-3BB5-4211-A063-AE7017C7C26F}.Debug|i386.Build.0 = Debug|Win32
		{4DEA18CA-3BB5-4211-A063-AE7017C7C26F}.Release|amd64.ActiveCfg = Release|Win32
		{4DEA18CA-3BB5-4211-A063-AE7017C7C26F}.Release|amd64.Build.0 = Release|Win32
		{4DEA18CA-3BB5-4211-A063-AE7017C7C26F}.Release|i386.ActiveCfg = Release|Win32
		{4DEA18CA-3BB5-4211-A063-AE7017C7C26F}.Release|i386.Build.0 = Release|Win32
	EndGlobalSection
	GlobalSection(SolutionProperties) = preSolution
		HideSolutionNode = FALSE
	EndGlobalSection
EndGlobal
